{
  "version": "3",
  "packages": {
    "specifiers": {
      "npm:@types/node": "npm:@types/node@18.16.19"
    },
    "npm": {
      "@types/node@18.16.19": {
        "integrity": "sha512-IXl7o+R9iti9eBW4Wg2hx1xQDig183jj7YLn8F7udNceyfkbn1ZxmzZXuak20gR40D7pIkIY1kYGx5VIGbaHKA==",
        "dependencies": {}
      }
    }
  },
  "remote": {},
  "workspace": {
    "packageJson": {
      "dependencies": [
        "npm:@biomejs/biome@1.9.2",
        "npm:@nlib/tsm@1.0.0",
        "npm:@types/node@22.5.5",
        "npm:npm-run-all@4.1.5",
        "npm:typescript@5.6.2"
      ]
    }
  }
}
